// !$*UTF8*$!
{
	archiveVersion = 1;
	classes = {
	};
	objectVersion = 46;
	objects = {

/* Begin PBXBuildFile section */
		2238E19E1E8C29E8007FEDA8 /* libReact.a in Frameworks */ = {isa = PBXBuildFile; fileRef = 2238E18A1E8C28A9007FEDA8 /* libReact.a */; };
		3029B1DC1E89CF240041C665 /* ElectrodeBridgeTransceiverTests.m in Sources */ = {isa = PBXBuildFile; fileRef = 3029B1DB1E89CF240041C665 /* ElectrodeBridgeTransceiverTests.m */; };
		3029B1FE1E89D72E0041C665 /* ElectrodeBridgeBaseTests.m in Sources */ = {isa = PBXBuildFile; fileRef = 3029B1FD1E89D72E0041C665 /* ElectrodeBridgeBaseTests.m */; };
		309A03A31E8AE8F900501219 /* MiniApp.jsbundle in Resources */ = {isa = PBXBuildFile; fileRef = 309A03A21E8AE8F900501219 /* MiniApp.jsbundle */; };
		309A03C01E8B319E00501219 /* ElectrodeBridgeHolderNew.h in Headers */ = {isa = PBXBuildFile; fileRef = 309A03BE1E8B319E00501219 /* ElectrodeBridgeHolderNew.h */; settings = {ATTRIBUTES = (Public, ); }; };
		309A03C11E8B319E00501219 /* ElectrodeBridgeHolderNew.m in Sources */ = {isa = PBXBuildFile; fileRef = 309A03BF1E8B319E00501219 /* ElectrodeBridgeHolderNew.m */; };
		30BA8F161E84972D00D3C440 /* ElectrodeBridgeEventNew.h in Headers */ = {isa = PBXBuildFile; fileRef = 30BA8F021E84972D00D3C440 /* ElectrodeBridgeEventNew.h */; settings = {ATTRIBUTES = (Public, ); }; };
		30BA8F171E84972D00D3C440 /* ElectrodeBridgeEventNew.m in Sources */ = {isa = PBXBuildFile; fileRef = 30BA8F031E84972D00D3C440 /* ElectrodeBridgeEventNew.m */; };
		30BA8F181E84972D00D3C440 /* ElectrodeBridgeFailureMessage.h in Headers */ = {isa = PBXBuildFile; fileRef = 30BA8F041E84972D00D3C440 /* ElectrodeBridgeFailureMessage.h */; };
		30BA8F191E84972D00D3C440 /* ElectrodeBridgeFailureMessage.m in Sources */ = {isa = PBXBuildFile; fileRef = 30BA8F051E84972D00D3C440 /* ElectrodeBridgeFailureMessage.m */; };
		30BA8F1A1E84972D00D3C440 /* ElectrodeBridgeMessage.h in Headers */ = {isa = PBXBuildFile; fileRef = 30BA8F061E84972D00D3C440 /* ElectrodeBridgeMessage.h */; settings = {ATTRIBUTES = (Public, ); }; };
		30BA8F1B1E84972D00D3C440 /* ElectrodeBridgeMessage.m in Sources */ = {isa = PBXBuildFile; fileRef = 30BA8F071E84972D00D3C440 /* ElectrodeBridgeMessage.m */; };
		30BA8F1C1E84972D00D3C440 /* ElectrodeBridgeProtocols.h in Headers */ = {isa = PBXBuildFile; fileRef = 30BA8F081E84972D00D3C440 /* ElectrodeBridgeProtocols.h */; };
		30BA8F1D1E84972D00D3C440 /* ElectrodeBridgeProtocols.m in Sources */ = {isa = PBXBuildFile; fileRef = 30BA8F091E84972D00D3C440 /* ElectrodeBridgeProtocols.m */; };
		30BA8F1E1E84972D00D3C440 /* ElectrodeBridgeRequestNew.h in Headers */ = {isa = PBXBuildFile; fileRef = 30BA8F0A1E84972D00D3C440 /* ElectrodeBridgeRequestNew.h */; };
		30BA8F1F1E84972D00D3C440 /* ElectrodeBridgeRequestNew.m in Sources */ = {isa = PBXBuildFile; fileRef = 30BA8F0B1E84972D00D3C440 /* ElectrodeBridgeRequestNew.m */; };
		30BA8F201E84972D00D3C440 /* ElectrodeBridgeResponse.h in Headers */ = {isa = PBXBuildFile; fileRef = 30BA8F0C1E84972D00D3C440 /* ElectrodeBridgeResponse.h */; };
		30BA8F211E84972D00D3C440 /* ElectrodeBridgeResponse.m in Sources */ = {isa = PBXBuildFile; fileRef = 30BA8F0D1E84972D00D3C440 /* ElectrodeBridgeResponse.m */; };
		30BA8F221E84972D00D3C440 /* ElectrodeBridgeTransaction.h in Headers */ = {isa = PBXBuildFile; fileRef = 30BA8F0E1E84972D00D3C440 /* ElectrodeBridgeTransaction.h */; };
		30BA8F231E84972D00D3C440 /* ElectrodeBridgeTransaction.m in Sources */ = {isa = PBXBuildFile; fileRef = 30BA8F0F1E84972D00D3C440 /* ElectrodeBridgeTransaction.m */; };
		30BA8F241E84972D00D3C440 /* ElectrodeBridgeTransceiver.h in Headers */ = {isa = PBXBuildFile; fileRef = 30BA8F101E84972D00D3C440 /* ElectrodeBridgeTransceiver.h */; };
		30BA8F251E84972D00D3C440 /* ElectrodeBridgeTransceiver.m in Sources */ = {isa = PBXBuildFile; fileRef = 30BA8F111E84972D00D3C440 /* ElectrodeBridgeTransceiver.m */; };
		30BA8F261E84972D00D3C440 /* ElectrodeEventRegistrarNew.h in Headers */ = {isa = PBXBuildFile; fileRef = 30BA8F121E84972D00D3C440 /* ElectrodeEventRegistrarNew.h */; };
		30BA8F271E84972D00D3C440 /* ElectrodeEventRegistrarNew.m in Sources */ = {isa = PBXBuildFile; fileRef = 30BA8F131E84972D00D3C440 /* ElectrodeEventRegistrarNew.m */; };
		30BA8F281E84972D00D3C440 /* ElectrodeRequestRegistrarNew.h in Headers */ = {isa = PBXBuildFile; fileRef = 30BA8F141E84972D00D3C440 /* ElectrodeRequestRegistrarNew.h */; };
		30BA8F291E84972D00D3C440 /* ElectrodeRequestRegistrarNew.m in Sources */ = {isa = PBXBuildFile; fileRef = 30BA8F151E84972D00D3C440 /* ElectrodeRequestRegistrarNew.m */; };
		30BA8F841E859CD400D3C440 /* ElectrodeEventDispatcherNew.h in Headers */ = {isa = PBXBuildFile; fileRef = 30BA8F821E859CD400D3C440 /* ElectrodeEventDispatcherNew.h */; };
		30BA8F851E859CD400D3C440 /* ElectrodeEventDispatcherNew.m in Sources */ = {isa = PBXBuildFile; fileRef = 30BA8F831E859CD400D3C440 /* ElectrodeEventDispatcherNew.m */; };
		30BA8FA21E85A3A200D3C440 /* ElectrodeRequestDispatcherNew.h in Headers */ = {isa = PBXBuildFile; fileRef = 30BA8FA01E85A3A200D3C440 /* ElectrodeRequestDispatcherNew.h */; };
		30BA8FA31E85A3A200D3C440 /* ElectrodeRequestDispatcherNew.m in Sources */ = {isa = PBXBuildFile; fileRef = 30BA8FA11E85A3A200D3C440 /* ElectrodeRequestDispatcherNew.m */; };
		9678D27C1E68CC2D00719AD5 /* EventListenerProcessor.swift in Sources */ = {isa = PBXBuildFile; fileRef = 9678D27B1E68CC2D00719AD5 /* EventListenerProcessor.swift */; };
		9678D33C1E721BC600719AD5 /* ElectrodeUtilities.swift in Sources */ = {isa = PBXBuildFile; fileRef = 9678D33B1E721BC600719AD5 /* ElectrodeUtilities.swift */; };
		9678D33E1E7332F200719AD5 /* ElectrodeRequestProcessor.swift in Sources */ = {isa = PBXBuildFile; fileRef = 9678D33D1E7332F200719AD5 /* ElectrodeRequestProcessor.swift */; };
		96F9A1CF1E68AF0200752759 /* ElectrodeEventProcessor.swift in Sources */ = {isa = PBXBuildFile; fileRef = 96F9A1CE1E68AF0200752759 /* ElectrodeEventProcessor.swift */; };
		DA4BE0C61E36DBCD00DBA1ED /* ElectrodeReactNativeBridge.framework in Frameworks */ = {isa = PBXBuildFile; fileRef = DA4BE0BC1E36DBCD00DBA1ED /* ElectrodeReactNativeBridge.framework */; };
		DA4BE0CB1E36DBCD00DBA1ED /* ElectrodeReactNativeBridgeTests.m in Sources */ = {isa = PBXBuildFile; fileRef = DA4BE0CA1E36DBCD00DBA1ED /* ElectrodeReactNativeBridgeTests.m */; };
		DA4BE0CD1E36DBCD00DBA1ED /* ElectrodeReactNativeBridge.h in Headers */ = {isa = PBXBuildFile; fileRef = DA4BE0BF1E36DBCD00DBA1ED /* ElectrodeReactNativeBridge.h */; settings = {ATTRIBUTES = (Public, ); }; };
		DA4BE0E61E36DD6500DBA1ED /* ElectrodeBridge.h in Headers */ = {isa = PBXBuildFile; fileRef = DA4BE0D61E36DD6500DBA1ED /* ElectrodeBridge.h */; };
		DA4BE0E71E36DD6500DBA1ED /* ElectrodeBridge.m in Sources */ = {isa = PBXBuildFile; fileRef = DA4BE0D71E36DD6500DBA1ED /* ElectrodeBridge.m */; };
		DA4BE0E81E36DD6500DBA1ED /* ElectrodeBridgeEvent.h in Headers */ = {isa = PBXBuildFile; fileRef = DA4BE0D81E36DD6500DBA1ED /* ElectrodeBridgeEvent.h */; settings = {ATTRIBUTES = (Public, ); }; };
		DA4BE0E91E36DD6500DBA1ED /* ElectrodeBridgeEvent.m in Sources */ = {isa = PBXBuildFile; fileRef = DA4BE0D91E36DD6500DBA1ED /* ElectrodeBridgeEvent.m */; };
		DA4BE0EA1E36DD6500DBA1ED /* ElectrodeBridgeHolder.h in Headers */ = {isa = PBXBuildFile; fileRef = DA4BE0DA1E36DD6500DBA1ED /* ElectrodeBridgeHolder.h */; settings = {ATTRIBUTES = (Public, ); }; };
		DA4BE0EB1E36DD6500DBA1ED /* ElectrodeBridgeHolder.m in Sources */ = {isa = PBXBuildFile; fileRef = DA4BE0DB1E36DD6500DBA1ED /* ElectrodeBridgeHolder.m */; };
		DA4BE0EC1E36DD6500DBA1ED /* ElectrodeBridgeRequest.h in Headers */ = {isa = PBXBuildFile; fileRef = DA4BE0DC1E36DD6500DBA1ED /* ElectrodeBridgeRequest.h */; settings = {ATTRIBUTES = (Public, ); }; };
		DA4BE0ED1E36DD6500DBA1ED /* ElectrodeBridgeRequest.m in Sources */ = {isa = PBXBuildFile; fileRef = DA4BE0DD1E36DD6500DBA1ED /* ElectrodeBridgeRequest.m */; };
		DA4BE0EE1E36DD6500DBA1ED /* ElectrodeEventDispatcher.h in Headers */ = {isa = PBXBuildFile; fileRef = DA4BE0DE1E36DD6500DBA1ED /* ElectrodeEventDispatcher.h */; settings = {ATTRIBUTES = (Public, ); }; };
		DA4BE0EF1E36DD6500DBA1ED /* ElectrodeEventDispatcher.m in Sources */ = {isa = PBXBuildFile; fileRef = DA4BE0DF1E36DD6500DBA1ED /* ElectrodeEventDispatcher.m */; };
		DA4BE0F01E36DD6500DBA1ED /* ElectrodeEventRegistrar.h in Headers */ = {isa = PBXBuildFile; fileRef = DA4BE0E01E36DD6500DBA1ED /* ElectrodeEventRegistrar.h */; settings = {ATTRIBUTES = (Public, ); }; };
		DA4BE0F11E36DD6500DBA1ED /* ElectrodeEventRegistrar.m in Sources */ = {isa = PBXBuildFile; fileRef = DA4BE0E11E36DD6500DBA1ED /* ElectrodeEventRegistrar.m */; };
		DA4BE0F21E36DD6500DBA1ED /* ElectrodeRequestDispatcher.h in Headers */ = {isa = PBXBuildFile; fileRef = DA4BE0E21E36DD6500DBA1ED /* ElectrodeRequestDispatcher.h */; settings = {ATTRIBUTES = (Public, ); }; };
		DA4BE0F31E36DD6500DBA1ED /* ElectrodeRequestDispatcher.m in Sources */ = {isa = PBXBuildFile; fileRef = DA4BE0E31E36DD6500DBA1ED /* ElectrodeRequestDispatcher.m */; };
		DA4BE0F41E36DD6500DBA1ED /* ElectrodeRequestRegistrar.h in Headers */ = {isa = PBXBuildFile; fileRef = DA4BE0E41E36DD6500DBA1ED /* ElectrodeRequestRegistrar.h */; settings = {ATTRIBUTES = (Public, ); }; };
		DA4BE0F51E36DD6500DBA1ED /* ElectrodeRequestRegistrar.m in Sources */ = {isa = PBXBuildFile; fileRef = DA4BE0E51E36DD6500DBA1ED /* ElectrodeRequestRegistrar.m */; };
		DA665B751E7B19A700A9193A /* ElectrodeResponseBlock.h in Headers */ = {isa = PBXBuildFile; fileRef = DA665B731E7B19A700A9193A /* ElectrodeResponseBlock.h */; settings = {ATTRIBUTES = (Public, ); }; };
		DA665B761E7B19A700A9193A /* ElectrodeResponseBlock.m in Sources */ = {isa = PBXBuildFile; fileRef = DA665B741E7B19A700A9193A /* ElectrodeResponseBlock.m */; };
/* End PBXBuildFile section */

/* Begin PBXContainerItemProxy section */
		2238E1891E8C28A9007FEDA8 /* PBXContainerItemProxy */ = {
			isa = PBXContainerItemProxy;
			containerPortal = 2238E17E1E8C28A9007FEDA8 /* React.xcodeproj */;
			proxyType = 2;
			remoteGlobalIDString = 83CBBA2E1A601D0E00E9B192;
			remoteInfo = React;
		};
		2238E18B1E8C28A9007FEDA8 /* PBXContainerItemProxy */ = {
			isa = PBXContainerItemProxy;
			containerPortal = 2238E17E1E8C28A9007FEDA8 /* React.xcodeproj */;
			proxyType = 2;
			remoteGlobalIDString = 2D2A28131D9B038B00D4039D;
			remoteInfo = "React-tvOS";
		};
		2238E18D1E8C28A9007FEDA8 /* PBXContainerItemProxy */ = {
			isa = PBXContainerItemProxy;
			containerPortal = 2238E17E1E8C28A9007FEDA8 /* React.xcodeproj */;
			proxyType = 2;
			remoteGlobalIDString = 3D3C059A1DE3340900C268FA;
			remoteInfo = yoga;
		};
		2238E18F1E8C28A9007FEDA8 /* PBXContainerItemProxy */ = {
			isa = PBXContainerItemProxy;
			containerPortal = 2238E17E1E8C28A9007FEDA8 /* React.xcodeproj */;
			proxyType = 2;
			remoteGlobalIDString = 3D3C06751DE3340C00C268FA;
			remoteInfo = "yoga-tvOS";
		};
		2238E1911E8C28A9007FEDA8 /* PBXContainerItemProxy */ = {
			isa = PBXContainerItemProxy;
			containerPortal = 2238E17E1E8C28A9007FEDA8 /* React.xcodeproj */;
			proxyType = 2;
			remoteGlobalIDString = 3D3CD9251DE5FBEC00167DC4;
			remoteInfo = cxxreact;
		};
		2238E1931E8C28A9007FEDA8 /* PBXContainerItemProxy */ = {
			isa = PBXContainerItemProxy;
			containerPortal = 2238E17E1E8C28A9007FEDA8 /* React.xcodeproj */;
			proxyType = 2;
			remoteGlobalIDString = 3D3CD9321DE5FBEE00167DC4;
			remoteInfo = "cxxreact-tvOS";
		};
		2238E1951E8C28A9007FEDA8 /* PBXContainerItemProxy */ = {
			isa = PBXContainerItemProxy;
			containerPortal = 2238E17E1E8C28A9007FEDA8 /* React.xcodeproj */;
			proxyType = 2;
			remoteGlobalIDString = 3D3CD90B1DE5FBD600167DC4;
			remoteInfo = jschelpers;
		};
		2238E1971E8C28A9007FEDA8 /* PBXContainerItemProxy */ = {
			isa = PBXContainerItemProxy;
			containerPortal = 2238E17E1E8C28A9007FEDA8 /* React.xcodeproj */;
			proxyType = 2;
			remoteGlobalIDString = 3D3CD9181DE5FBD800167DC4;
			remoteInfo = "jschelpers-tvOS";
		};
		2238E19C1E8C2983007FEDA8 /* PBXContainerItemProxy */ = {
			isa = PBXContainerItemProxy;
			containerPortal = 2238E17E1E8C28A9007FEDA8 /* React.xcodeproj */;
			proxyType = 1;
			remoteGlobalIDString = 83CBBA2D1A601D0E00E9B192;
			remoteInfo = React;
		};
		DA4BE0C71E36DBCD00DBA1ED /* PBXContainerItemProxy */ = {
			isa = PBXContainerItemProxy;
			containerPortal = DA4BE0B31E36DBCD00DBA1ED /* Project object */;
			proxyType = 1;
			remoteGlobalIDString = DA4BE0BB1E36DBCD00DBA1ED;
			remoteInfo = ElectrodeReactNativeBridge;
		};
/* End PBXContainerItemProxy section */

/* Begin PBXFileReference section */
		2238E17E1E8C28A9007FEDA8 /* React.xcodeproj */ = {isa = PBXFileReference; lastKnownFileType = "wrapper.pb-project"; name = React.xcodeproj; path = "../node_modules/react-native/React/React.xcodeproj"; sourceTree = "<group>"; };
		3029B1DB1E89CF240041C665 /* ElectrodeBridgeTransceiverTests.m */ = {isa = PBXFileReference; fileEncoding = 4; lastKnownFileType = sourcecode.c.objc; path = ElectrodeBridgeTransceiverTests.m; sourceTree = "<group>"; };
		3029B1FC1E89D72E0041C665 /* ElectrodeBridgeBaseTests.h */ = {isa = PBXFileReference; fileEncoding = 4; lastKnownFileType = sourcecode.c.h; path = ElectrodeBridgeBaseTests.h; sourceTree = "<group>"; };
		3029B1FD1E89D72E0041C665 /* ElectrodeBridgeBaseTests.m */ = {isa = PBXFileReference; fileEncoding = 4; lastKnownFileType = sourcecode.c.objc; path = ElectrodeBridgeBaseTests.m; sourceTree = "<group>"; };
		309A03A21E8AE8F900501219 /* MiniApp.jsbundle */ = {isa = PBXFileReference; fileEncoding = 4; lastKnownFileType = text; path = MiniApp.jsbundle; sourceTree = "<group>"; };
		309A03BE1E8B319E00501219 /* ElectrodeBridgeHolderNew.h */ = {isa = PBXFileReference; fileEncoding = 4; lastKnownFileType = sourcecode.c.h; path = ElectrodeBridgeHolderNew.h; sourceTree = "<group>"; };
		309A03BF1E8B319E00501219 /* ElectrodeBridgeHolderNew.m */ = {isa = PBXFileReference; fileEncoding = 4; lastKnownFileType = sourcecode.c.objc; path = ElectrodeBridgeHolderNew.m; sourceTree = "<group>"; };
		30BA8F021E84972D00D3C440 /* ElectrodeBridgeEventNew.h */ = {isa = PBXFileReference; fileEncoding = 4; lastKnownFileType = sourcecode.c.h; path = ElectrodeBridgeEventNew.h; sourceTree = "<group>"; };
		30BA8F031E84972D00D3C440 /* ElectrodeBridgeEventNew.m */ = {isa = PBXFileReference; fileEncoding = 4; lastKnownFileType = sourcecode.c.objc; path = ElectrodeBridgeEventNew.m; sourceTree = "<group>"; };
		30BA8F041E84972D00D3C440 /* ElectrodeBridgeFailureMessage.h */ = {isa = PBXFileReference; fileEncoding = 4; lastKnownFileType = sourcecode.c.h; path = ElectrodeBridgeFailureMessage.h; sourceTree = "<group>"; };
		30BA8F051E84972D00D3C440 /* ElectrodeBridgeFailureMessage.m */ = {isa = PBXFileReference; fileEncoding = 4; lastKnownFileType = sourcecode.c.objc; path = ElectrodeBridgeFailureMessage.m; sourceTree = "<group>"; };
		30BA8F061E84972D00D3C440 /* ElectrodeBridgeMessage.h */ = {isa = PBXFileReference; fileEncoding = 4; lastKnownFileType = sourcecode.c.h; path = ElectrodeBridgeMessage.h; sourceTree = "<group>"; };
		30BA8F071E84972D00D3C440 /* ElectrodeBridgeMessage.m */ = {isa = PBXFileReference; fileEncoding = 4; lastKnownFileType = sourcecode.c.objc; path = ElectrodeBridgeMessage.m; sourceTree = "<group>"; };
		30BA8F081E84972D00D3C440 /* ElectrodeBridgeProtocols.h */ = {isa = PBXFileReference; fileEncoding = 4; lastKnownFileType = sourcecode.c.h; path = ElectrodeBridgeProtocols.h; sourceTree = "<group>"; };
		30BA8F091E84972D00D3C440 /* ElectrodeBridgeProtocols.m */ = {isa = PBXFileReference; fileEncoding = 4; lastKnownFileType = sourcecode.c.objc; path = ElectrodeBridgeProtocols.m; sourceTree = "<group>"; };
		30BA8F0A1E84972D00D3C440 /* ElectrodeBridgeRequestNew.h */ = {isa = PBXFileReference; fileEncoding = 4; lastKnownFileType = sourcecode.c.h; path = ElectrodeBridgeRequestNew.h; sourceTree = "<group>"; };
		30BA8F0B1E84972D00D3C440 /* ElectrodeBridgeRequestNew.m */ = {isa = PBXFileReference; fileEncoding = 4; lastKnownFileType = sourcecode.c.objc; path = ElectrodeBridgeRequestNew.m; sourceTree = "<group>"; };
		30BA8F0C1E84972D00D3C440 /* ElectrodeBridgeResponse.h */ = {isa = PBXFileReference; fileEncoding = 4; lastKnownFileType = sourcecode.c.h; path = ElectrodeBridgeResponse.h; sourceTree = "<group>"; };
		30BA8F0D1E84972D00D3C440 /* ElectrodeBridgeResponse.m */ = {isa = PBXFileReference; fileEncoding = 4; lastKnownFileType = sourcecode.c.objc; path = ElectrodeBridgeResponse.m; sourceTree = "<group>"; };
		30BA8F0E1E84972D00D3C440 /* ElectrodeBridgeTransaction.h */ = {isa = PBXFileReference; fileEncoding = 4; lastKnownFileType = sourcecode.c.h; path = ElectrodeBridgeTransaction.h; sourceTree = "<group>"; };
		30BA8F0F1E84972D00D3C440 /* ElectrodeBridgeTransaction.m */ = {isa = PBXFileReference; fileEncoding = 4; lastKnownFileType = sourcecode.c.objc; path = ElectrodeBridgeTransaction.m; sourceTree = "<group>"; };
		30BA8F101E84972D00D3C440 /* ElectrodeBridgeTransceiver.h */ = {isa = PBXFileReference; fileEncoding = 4; lastKnownFileType = sourcecode.c.h; path = ElectrodeBridgeTransceiver.h; sourceTree = "<group>"; };
		30BA8F111E84972D00D3C440 /* ElectrodeBridgeTransceiver.m */ = {isa = PBXFileReference; fileEncoding = 4; lastKnownFileType = sourcecode.c.objc; path = ElectrodeBridgeTransceiver.m; sourceTree = "<group>"; };
		30BA8F121E84972D00D3C440 /* ElectrodeEventRegistrarNew.h */ = {isa = PBXFileReference; fileEncoding = 4; lastKnownFileType = sourcecode.c.h; path = ElectrodeEventRegistrarNew.h; sourceTree = "<group>"; };
		30BA8F131E84972D00D3C440 /* ElectrodeEventRegistrarNew.m */ = {isa = PBXFileReference; fileEncoding = 4; lastKnownFileType = sourcecode.c.objc; path = ElectrodeEventRegistrarNew.m; sourceTree = "<group>"; };
		30BA8F141E84972D00D3C440 /* ElectrodeRequestRegistrarNew.h */ = {isa = PBXFileReference; fileEncoding = 4; lastKnownFileType = sourcecode.c.h; path = ElectrodeRequestRegistrarNew.h; sourceTree = "<group>"; };
		30BA8F151E84972D00D3C440 /* ElectrodeRequestRegistrarNew.m */ = {isa = PBXFileReference; fileEncoding = 4; lastKnownFileType = sourcecode.c.objc; path = ElectrodeRequestRegistrarNew.m; sourceTree = "<group>"; };
		30BA8F821E859CD400D3C440 /* ElectrodeEventDispatcherNew.h */ = {isa = PBXFileReference; fileEncoding = 4; lastKnownFileType = sourcecode.c.h; path = ElectrodeEventDispatcherNew.h; sourceTree = "<group>"; };
		30BA8F831E859CD400D3C440 /* ElectrodeEventDispatcherNew.m */ = {isa = PBXFileReference; fileEncoding = 4; lastKnownFileType = sourcecode.c.objc; path = ElectrodeEventDispatcherNew.m; sourceTree = "<group>"; };
		30BA8FA01E85A3A200D3C440 /* ElectrodeRequestDispatcherNew.h */ = {isa = PBXFileReference; fileEncoding = 4; lastKnownFileType = sourcecode.c.h; path = ElectrodeRequestDispatcherNew.h; sourceTree = "<group>"; };
		30BA8FA11E85A3A200D3C440 /* ElectrodeRequestDispatcherNew.m */ = {isa = PBXFileReference; fileEncoding = 4; lastKnownFileType = sourcecode.c.objc; path = ElectrodeRequestDispatcherNew.m; sourceTree = "<group>"; };
		9678D27B1E68CC2D00719AD5 /* EventListenerProcessor.swift */ = {isa = PBXFileReference; fileEncoding = 4; lastKnownFileType = sourcecode.swift; path = EventListenerProcessor.swift; sourceTree = "<group>"; };
		9678D33B1E721BC600719AD5 /* ElectrodeUtilities.swift */ = {isa = PBXFileReference; fileEncoding = 4; lastKnownFileType = sourcecode.swift; path = ElectrodeUtilities.swift; sourceTree = "<group>"; };
		9678D33D1E7332F200719AD5 /* ElectrodeRequestProcessor.swift */ = {isa = PBXFileReference; fileEncoding = 4; lastKnownFileType = sourcecode.swift; path = ElectrodeRequestProcessor.swift; sourceTree = "<group>"; };
		96F9A1CE1E68AF0200752759 /* ElectrodeEventProcessor.swift */ = {isa = PBXFileReference; fileEncoding = 4; lastKnownFileType = sourcecode.swift; path = ElectrodeEventProcessor.swift; sourceTree = "<group>"; };
		DA4BE0BC1E36DBCD00DBA1ED /* ElectrodeReactNativeBridge.framework */ = {isa = PBXFileReference; explicitFileType = wrapper.framework; includeInIndex = 0; path = ElectrodeReactNativeBridge.framework; sourceTree = BUILT_PRODUCTS_DIR; };
		DA4BE0BF1E36DBCD00DBA1ED /* ElectrodeReactNativeBridge.h */ = {isa = PBXFileReference; lastKnownFileType = sourcecode.c.h; path = ElectrodeReactNativeBridge.h; sourceTree = "<group>"; };
		DA4BE0C01E36DBCD00DBA1ED /* Info.plist */ = {isa = PBXFileReference; lastKnownFileType = text.plist.xml; path = Info.plist; sourceTree = "<group>"; };
		DA4BE0C51E36DBCD00DBA1ED /* ElectrodeReactNativeBridgeTests.xctest */ = {isa = PBXFileReference; explicitFileType = wrapper.cfbundle; includeInIndex = 0; path = ElectrodeReactNativeBridgeTests.xctest; sourceTree = BUILT_PRODUCTS_DIR; };
		DA4BE0CA1E36DBCD00DBA1ED /* ElectrodeReactNativeBridgeTests.m */ = {isa = PBXFileReference; lastKnownFileType = sourcecode.c.objc; path = ElectrodeReactNativeBridgeTests.m; sourceTree = "<group>"; };
		DA4BE0CC1E36DBCD00DBA1ED /* Info.plist */ = {isa = PBXFileReference; lastKnownFileType = text.plist.xml; path = Info.plist; sourceTree = "<group>"; };
		DA4BE0D61E36DD6500DBA1ED /* ElectrodeBridge.h */ = {isa = PBXFileReference; fileEncoding = 4; lastKnownFileType = sourcecode.c.h; path = ElectrodeBridge.h; sourceTree = "<group>"; };
		DA4BE0D71E36DD6500DBA1ED /* ElectrodeBridge.m */ = {isa = PBXFileReference; fileEncoding = 4; lastKnownFileType = sourcecode.c.objc; path = ElectrodeBridge.m; sourceTree = "<group>"; };
		DA4BE0D81E36DD6500DBA1ED /* ElectrodeBridgeEvent.h */ = {isa = PBXFileReference; fileEncoding = 4; lastKnownFileType = sourcecode.c.h; path = ElectrodeBridgeEvent.h; sourceTree = "<group>"; };
		DA4BE0D91E36DD6500DBA1ED /* ElectrodeBridgeEvent.m */ = {isa = PBXFileReference; fileEncoding = 4; lastKnownFileType = sourcecode.c.objc; path = ElectrodeBridgeEvent.m; sourceTree = "<group>"; };
		DA4BE0DA1E36DD6500DBA1ED /* ElectrodeBridgeHolder.h */ = {isa = PBXFileReference; fileEncoding = 4; lastKnownFileType = sourcecode.c.h; path = ElectrodeBridgeHolder.h; sourceTree = "<group>"; };
		DA4BE0DB1E36DD6500DBA1ED /* ElectrodeBridgeHolder.m */ = {isa = PBXFileReference; fileEncoding = 4; lastKnownFileType = sourcecode.c.objc; path = ElectrodeBridgeHolder.m; sourceTree = "<group>"; };
		DA4BE0DC1E36DD6500DBA1ED /* ElectrodeBridgeRequest.h */ = {isa = PBXFileReference; fileEncoding = 4; lastKnownFileType = sourcecode.c.h; path = ElectrodeBridgeRequest.h; sourceTree = "<group>"; };
		DA4BE0DD1E36DD6500DBA1ED /* ElectrodeBridgeRequest.m */ = {isa = PBXFileReference; fileEncoding = 4; lastKnownFileType = sourcecode.c.objc; path = ElectrodeBridgeRequest.m; sourceTree = "<group>"; };
		DA4BE0DE1E36DD6500DBA1ED /* ElectrodeEventDispatcher.h */ = {isa = PBXFileReference; fileEncoding = 4; lastKnownFileType = sourcecode.c.h; path = ElectrodeEventDispatcher.h; sourceTree = "<group>"; };
		DA4BE0DF1E36DD6500DBA1ED /* ElectrodeEventDispatcher.m */ = {isa = PBXFileReference; fileEncoding = 4; lastKnownFileType = sourcecode.c.objc; path = ElectrodeEventDispatcher.m; sourceTree = "<group>"; };
		DA4BE0E01E36DD6500DBA1ED /* ElectrodeEventRegistrar.h */ = {isa = PBXFileReference; fileEncoding = 4; lastKnownFileType = sourcecode.c.h; path = ElectrodeEventRegistrar.h; sourceTree = "<group>"; };
		DA4BE0E11E36DD6500DBA1ED /* ElectrodeEventRegistrar.m */ = {isa = PBXFileReference; fileEncoding = 4; lastKnownFileType = sourcecode.c.objc; path = ElectrodeEventRegistrar.m; sourceTree = "<group>"; };
		DA4BE0E21E36DD6500DBA1ED /* ElectrodeRequestDispatcher.h */ = {isa = PBXFileReference; fileEncoding = 4; lastKnownFileType = sourcecode.c.h; path = ElectrodeRequestDispatcher.h; sourceTree = "<group>"; };
		DA4BE0E31E36DD6500DBA1ED /* ElectrodeRequestDispatcher.m */ = {isa = PBXFileReference; fileEncoding = 4; lastKnownFileType = sourcecode.c.objc; path = ElectrodeRequestDispatcher.m; sourceTree = "<group>"; };
		DA4BE0E41E36DD6500DBA1ED /* ElectrodeRequestRegistrar.h */ = {isa = PBXFileReference; fileEncoding = 4; lastKnownFileType = sourcecode.c.h; path = ElectrodeRequestRegistrar.h; sourceTree = "<group>"; };
		DA4BE0E51E36DD6500DBA1ED /* ElectrodeRequestRegistrar.m */ = {isa = PBXFileReference; fileEncoding = 4; lastKnownFileType = sourcecode.c.objc; path = ElectrodeRequestRegistrar.m; sourceTree = "<group>"; };
		DA665B731E7B19A700A9193A /* ElectrodeResponseBlock.h */ = {isa = PBXFileReference; fileEncoding = 4; lastKnownFileType = sourcecode.c.h; path = ElectrodeResponseBlock.h; sourceTree = "<group>"; };
		DA665B741E7B19A700A9193A /* ElectrodeResponseBlock.m */ = {isa = PBXFileReference; fileEncoding = 4; lastKnownFileType = sourcecode.c.objc; path = ElectrodeResponseBlock.m; sourceTree = "<group>"; };
/* End PBXFileReference section */

/* Begin PBXFrameworksBuildPhase section */
		DA4BE0B81E36DBCD00DBA1ED /* Frameworks */ = {
			isa = PBXFrameworksBuildPhase;
			buildActionMask = 2147483647;
			files = (
				2238E19E1E8C29E8007FEDA8 /* libReact.a in Frameworks */,
			);
			runOnlyForDeploymentPostprocessing = 0;
		};
		DA4BE0C21E36DBCD00DBA1ED /* Frameworks */ = {
			isa = PBXFrameworksBuildPhase;
			buildActionMask = 2147483647;
			files = (
				DA4BE0C61E36DBCD00DBA1ED /* ElectrodeReactNativeBridge.framework in Frameworks */,
			);
			runOnlyForDeploymentPostprocessing = 0;
		};
/* End PBXFrameworksBuildPhase section */

/* Begin PBXGroup section */
		2238E17F1E8C28A9007FEDA8 /* Products */ = {
			isa = PBXGroup;
			children = (
				2238E18A1E8C28A9007FEDA8 /* libReact.a */,
				2238E18C1E8C28A9007FEDA8 /* libReact.a */,
				2238E18E1E8C28A9007FEDA8 /* libyoga.a */,
				2238E1901E8C28A9007FEDA8 /* libyoga.a */,
				2238E1921E8C28A9007FEDA8 /* libcxxreact.a */,
				2238E1941E8C28A9007FEDA8 /* libcxxreact.a */,
				2238E1961E8C28A9007FEDA8 /* libjschelpers.a */,
				2238E1981E8C28A9007FEDA8 /* libjschelpers.a */,
			);
			name = Products;
			sourceTree = "<group>";
		};
		9678D2601E68CADF00719AD5 /* Swift */ = {
			isa = PBXGroup;
			children = (
				96F9A1CE1E68AF0200752759 /* ElectrodeEventProcessor.swift */,
				9678D33D1E7332F200719AD5 /* ElectrodeRequestProcessor.swift */,
				9678D33B1E721BC600719AD5 /* ElectrodeUtilities.swift */,
				9678D27B1E68CC2D00719AD5 /* EventListenerProcessor.swift */,
			);
			name = Swift;
			sourceTree = "<group>";
		};
		968332881E53C9EF0031C565 /* Libraries */ = {
			isa = PBXGroup;
			children = (
				2238E17E1E8C28A9007FEDA8 /* React.xcodeproj */,
			);
			name = Libraries;
			sourceTree = "<group>";
		};
		DA4BE0B21E36DBCD00DBA1ED = {
			isa = PBXGroup;
			children = (
				DA4BE0BE1E36DBCD00DBA1ED /* ElectrodeReactNativeBridge */,
				DA4BE0C91E36DBCD00DBA1ED /* ElectrodeReactNativeBridgeTests */,
				968332881E53C9EF0031C565 /* Libraries */,
				DA4BE0BD1E36DBCD00DBA1ED /* Products */,
			);
			sourceTree = "<group>";
		};
		DA4BE0BD1E36DBCD00DBA1ED /* Products */ = {
			isa = PBXGroup;
			children = (
				DA4BE0BC1E36DBCD00DBA1ED /* ElectrodeReactNativeBridge.framework */,
				DA4BE0C51E36DBCD00DBA1ED /* ElectrodeReactNativeBridgeTests.xctest */,
			);
			name = Products;
			sourceTree = "<group>";
		};
		DA4BE0BE1E36DBCD00DBA1ED /* ElectrodeReactNativeBridge */ = {
			isa = PBXGroup;
			children = (
				DA4BE0F61E36DD6E00DBA1ED /* Source */,
				DA4BE0BF1E36DBCD00DBA1ED /* ElectrodeReactNativeBridge.h */,
				DA4BE0C01E36DBCD00DBA1ED /* Info.plist */,
			);
			path = ElectrodeReactNativeBridge;
			sourceTree = "<group>";
		};
		DA4BE0C91E36DBCD00DBA1ED /* ElectrodeReactNativeBridgeTests */ = {
			isa = PBXGroup;
			children = (
				309A03A21E8AE8F900501219 /* MiniApp.jsbundle */,
				DA4BE0CA1E36DBCD00DBA1ED /* ElectrodeReactNativeBridgeTests.m */,
				DA4BE0CC1E36DBCD00DBA1ED /* Info.plist */,
				3029B1FC1E89D72E0041C665 /* ElectrodeBridgeBaseTests.h */,
				3029B1FD1E89D72E0041C665 /* ElectrodeBridgeBaseTests.m */,
				3029B1DB1E89CF240041C665 /* ElectrodeBridgeTransceiverTests.m */,
			);
			path = ElectrodeReactNativeBridgeTests;
			sourceTree = "<group>";
		};
		DA4BE0F61E36DD6E00DBA1ED /* Source */ = {
			isa = PBXGroup;
			children = (
				30BA8F021E84972D00D3C440 /* ElectrodeBridgeEventNew.h */,
				30BA8F031E84972D00D3C440 /* ElectrodeBridgeEventNew.m */,
				30BA8F041E84972D00D3C440 /* ElectrodeBridgeFailureMessage.h */,
				30BA8F051E84972D00D3C440 /* ElectrodeBridgeFailureMessage.m */,
				30BA8F061E84972D00D3C440 /* ElectrodeBridgeMessage.h */,
				30BA8F071E84972D00D3C440 /* ElectrodeBridgeMessage.m */,
				30BA8F081E84972D00D3C440 /* ElectrodeBridgeProtocols.h */,
				30BA8F091E84972D00D3C440 /* ElectrodeBridgeProtocols.m */,
				30BA8F0A1E84972D00D3C440 /* ElectrodeBridgeRequestNew.h */,
				30BA8F0B1E84972D00D3C440 /* ElectrodeBridgeRequestNew.m */,
				30BA8F0C1E84972D00D3C440 /* ElectrodeBridgeResponse.h */,
				30BA8F0D1E84972D00D3C440 /* ElectrodeBridgeResponse.m */,
				30BA8F0E1E84972D00D3C440 /* ElectrodeBridgeTransaction.h */,
				30BA8F0F1E84972D00D3C440 /* ElectrodeBridgeTransaction.m */,
				30BA8F101E84972D00D3C440 /* ElectrodeBridgeTransceiver.h */,
				30BA8F111E84972D00D3C440 /* ElectrodeBridgeTransceiver.m */,
				30BA8F121E84972D00D3C440 /* ElectrodeEventRegistrarNew.h */,
				30BA8F131E84972D00D3C440 /* ElectrodeEventRegistrarNew.m */,
				30BA8F141E84972D00D3C440 /* ElectrodeRequestRegistrarNew.h */,
				30BA8F151E84972D00D3C440 /* ElectrodeRequestRegistrarNew.m */,
				30BA8F821E859CD400D3C440 /* ElectrodeEventDispatcherNew.h */,
				30BA8F831E859CD400D3C440 /* ElectrodeEventDispatcherNew.m */,
				30BA8FA01E85A3A200D3C440 /* ElectrodeRequestDispatcherNew.h */,
				30BA8FA11E85A3A200D3C440 /* ElectrodeRequestDispatcherNew.m */,
				309A03BE1E8B319E00501219 /* ElectrodeBridgeHolderNew.h */,
				309A03BF1E8B319E00501219 /* ElectrodeBridgeHolderNew.m */,
				9678D2601E68CADF00719AD5 /* Swift */,
				DA4BE0D61E36DD6500DBA1ED /* ElectrodeBridge.h */,
				DA4BE0D71E36DD6500DBA1ED /* ElectrodeBridge.m */,
				DA4BE0D81E36DD6500DBA1ED /* ElectrodeBridgeEvent.h */,
				DA4BE0D91E36DD6500DBA1ED /* ElectrodeBridgeEvent.m */,
				DA4BE0DA1E36DD6500DBA1ED /* ElectrodeBridgeHolder.h */,
				DA4BE0DB1E36DD6500DBA1ED /* ElectrodeBridgeHolder.m */,
				DA4BE0DC1E36DD6500DBA1ED /* ElectrodeBridgeRequest.h */,
				DA4BE0DD1E36DD6500DBA1ED /* ElectrodeBridgeRequest.m */,
				DA4BE0DE1E36DD6500DBA1ED /* ElectrodeEventDispatcher.h */,
				DA4BE0DF1E36DD6500DBA1ED /* ElectrodeEventDispatcher.m */,
				DA4BE0E01E36DD6500DBA1ED /* ElectrodeEventRegistrar.h */,
				DA4BE0E11E36DD6500DBA1ED /* ElectrodeEventRegistrar.m */,
				DA4BE0E21E36DD6500DBA1ED /* ElectrodeRequestDispatcher.h */,
				DA4BE0E31E36DD6500DBA1ED /* ElectrodeRequestDispatcher.m */,
				DA4BE0E41E36DD6500DBA1ED /* ElectrodeRequestRegistrar.h */,
				DA4BE0E51E36DD6500DBA1ED /* ElectrodeRequestRegistrar.m */,
				DA665B731E7B19A700A9193A /* ElectrodeResponseBlock.h */,
				DA665B741E7B19A700A9193A /* ElectrodeResponseBlock.m */,
			);
			name = Source;
			sourceTree = "<group>";
		};
/* End PBXGroup section */

/* Begin PBXHeadersBuildPhase section */
		DA4BE0B91E36DBCD00DBA1ED /* Headers */ = {
			isa = PBXHeadersBuildPhase;
			buildActionMask = 2147483647;
			files = (
				30BA8F241E84972D00D3C440 /* ElectrodeBridgeTransceiver.h in Headers */,
				DA4BE0EA1E36DD6500DBA1ED /* ElectrodeBridgeHolder.h in Headers */,
				30BA8F841E859CD400D3C440 /* ElectrodeEventDispatcherNew.h in Headers */,
				30BA8F221E84972D00D3C440 /* ElectrodeBridgeTransaction.h in Headers */,
				DA4BE0EE1E36DD6500DBA1ED /* ElectrodeEventDispatcher.h in Headers */,
				309A03C01E8B319E00501219 /* ElectrodeBridgeHolderNew.h in Headers */,
				30BA8F201E84972D00D3C440 /* ElectrodeBridgeResponse.h in Headers */,
				DA4BE0F01E36DD6500DBA1ED /* ElectrodeEventRegistrar.h in Headers */,
				DA4BE0E81E36DD6500DBA1ED /* ElectrodeBridgeEvent.h in Headers */,
				DA4BE0F41E36DD6500DBA1ED /* ElectrodeRequestRegistrar.h in Headers */,
				DA4BE0F21E36DD6500DBA1ED /* ElectrodeRequestDispatcher.h in Headers */,
				DA4BE0EC1E36DD6500DBA1ED /* ElectrodeBridgeRequest.h in Headers */,
				30BA8F1C1E84972D00D3C440 /* ElectrodeBridgeProtocols.h in Headers */,
				30BA8F261E84972D00D3C440 /* ElectrodeEventRegistrarNew.h in Headers */,
				30BA8F1E1E84972D00D3C440 /* ElectrodeBridgeRequestNew.h in Headers */,
				30BA8FA21E85A3A200D3C440 /* ElectrodeRequestDispatcherNew.h in Headers */,
				30BA8F1A1E84972D00D3C440 /* ElectrodeBridgeMessage.h in Headers */,
				30BA8F161E84972D00D3C440 /* ElectrodeBridgeEventNew.h in Headers */,
				DA665B751E7B19A700A9193A /* ElectrodeResponseBlock.h in Headers */,
				DA4BE0CD1E36DBCD00DBA1ED /* ElectrodeReactNativeBridge.h in Headers */,
				30BA8F281E84972D00D3C440 /* ElectrodeRequestRegistrarNew.h in Headers */,
				30BA8F181E84972D00D3C440 /* ElectrodeBridgeFailureMessage.h in Headers */,
				DA4BE0E61E36DD6500DBA1ED /* ElectrodeBridge.h in Headers */,
			);
			runOnlyForDeploymentPostprocessing = 0;
		};
/* End PBXHeadersBuildPhase section */

/* Begin PBXNativeTarget section */
		DA4BE0BB1E36DBCD00DBA1ED /* ElectrodeReactNativeBridge */ = {
			isa = PBXNativeTarget;
			buildConfigurationList = DA4BE0D01E36DBCD00DBA1ED /* Build configuration list for PBXNativeTarget "ElectrodeReactNativeBridge" */;
			buildPhases = (
				DA4BE0B71E36DBCD00DBA1ED /* Sources */,
				DA4BE0B81E36DBCD00DBA1ED /* Frameworks */,
				DA4BE0B91E36DBCD00DBA1ED /* Headers */,
				DA4BE0BA1E36DBCD00DBA1ED /* Resources */,
			);
			buildRules = (
			);
			dependencies = (
				2238E19D1E8C2983007FEDA8 /* PBXTargetDependency */,
			);
			name = ElectrodeReactNativeBridge;
			productName = ElectrodeReactNativeBridge;
			productReference = DA4BE0BC1E36DBCD00DBA1ED /* ElectrodeReactNativeBridge.framework */;
			productType = "com.apple.product-type.framework";
		};
		DA4BE0C41E36DBCD00DBA1ED /* ElectrodeReactNativeBridgeTests */ = {
			isa = PBXNativeTarget;
			buildConfigurationList = DA4BE0D31E36DBCD00DBA1ED /* Build configuration list for PBXNativeTarget "ElectrodeReactNativeBridgeTests" */;
			buildPhases = (
				DA4BE0C11E36DBCD00DBA1ED /* Sources */,
				DA4BE0C21E36DBCD00DBA1ED /* Frameworks */,
				DA4BE0C31E36DBCD00DBA1ED /* Resources */,
			);
			buildRules = (
			);
			dependencies = (
				DA4BE0C81E36DBCD00DBA1ED /* PBXTargetDependency */,
			);
			name = ElectrodeReactNativeBridgeTests;
			productName = ElectrodeReactNativeBridgeTests;
			productReference = DA4BE0C51E36DBCD00DBA1ED /* ElectrodeReactNativeBridgeTests.xctest */;
			productType = "com.apple.product-type.bundle.unit-test";
		};
/* End PBXNativeTarget section */

/* Begin PBXProject section */
		DA4BE0B31E36DBCD00DBA1ED /* Project object */ = {
			isa = PBXProject;
			attributes = {
				LastUpgradeCheck = 0820;
				ORGANIZATIONNAME = Walmart;
				TargetAttributes = {
					DA4BE0BB1E36DBCD00DBA1ED = {
						CreatedOnToolsVersion = 8.2.1;
						LastSwiftMigration = 0820;
						ProvisioningStyle = Manual;
					};
					DA4BE0C41E36DBCD00DBA1ED = {
						CreatedOnToolsVersion = 8.2.1;
						DevelopmentTeam = DXZ5VF8836;
						ProvisioningStyle = Automatic;
					};
				};
			};
			buildConfigurationList = DA4BE0B61E36DBCD00DBA1ED /* Build configuration list for PBXProject "ElectrodeReactNativeBridge" */;
			compatibilityVersion = "Xcode 3.2";
			developmentRegion = English;
			hasScannedForEncodings = 0;
			knownRegions = (
				en,
			);
			mainGroup = DA4BE0B21E36DBCD00DBA1ED;
			productRefGroup = DA4BE0BD1E36DBCD00DBA1ED /* Products */;
			projectDirPath = "";
			projectReferences = (
				{
					ProductGroup = 2238E17F1E8C28A9007FEDA8 /* Products */;
					ProjectRef = 2238E17E1E8C28A9007FEDA8 /* React.xcodeproj */;
				},
			);
			projectRoot = "";
			targets = (
				DA4BE0BB1E36DBCD00DBA1ED /* ElectrodeReactNativeBridge */,
				DA4BE0C41E36DBCD00DBA1ED /* ElectrodeReactNativeBridgeTests */,
			);
		};
/* End PBXProject section */

/* Begin PBXReferenceProxy section */
		2238E18A1E8C28A9007FEDA8 /* libReact.a */ = {
			isa = PBXReferenceProxy;
			fileType = archive.ar;
			path = libReact.a;
			remoteRef = 2238E1891E8C28A9007FEDA8 /* PBXContainerItemProxy */;
			sourceTree = BUILT_PRODUCTS_DIR;
		};
		2238E18C1E8C28A9007FEDA8 /* libReact.a */ = {
			isa = PBXReferenceProxy;
			fileType = archive.ar;
			path = libReact.a;
			remoteRef = 2238E18B1E8C28A9007FEDA8 /* PBXContainerItemProxy */;
			sourceTree = BUILT_PRODUCTS_DIR;
		};
		2238E18E1E8C28A9007FEDA8 /* libyoga.a */ = {
			isa = PBXReferenceProxy;
			fileType = archive.ar;
			path = libyoga.a;
			remoteRef = 2238E18D1E8C28A9007FEDA8 /* PBXContainerItemProxy */;
			sourceTree = BUILT_PRODUCTS_DIR;
		};
		2238E1901E8C28A9007FEDA8 /* libyoga.a */ = {
			isa = PBXReferenceProxy;
			fileType = archive.ar;
			path = libyoga.a;
			remoteRef = 2238E18F1E8C28A9007FEDA8 /* PBXContainerItemProxy */;
			sourceTree = BUILT_PRODUCTS_DIR;
		};
		2238E1921E8C28A9007FEDA8 /* libcxxreact.a */ = {
			isa = PBXReferenceProxy;
			fileType = archive.ar;
			path = libcxxreact.a;
			remoteRef = 2238E1911E8C28A9007FEDA8 /* PBXContainerItemProxy */;
			sourceTree = BUILT_PRODUCTS_DIR;
		};
		2238E1941E8C28A9007FEDA8 /* libcxxreact.a */ = {
			isa = PBXReferenceProxy;
			fileType = archive.ar;
			path = libcxxreact.a;
			remoteRef = 2238E1931E8C28A9007FEDA8 /* PBXContainerItemProxy */;
			sourceTree = BUILT_PRODUCTS_DIR;
		};
		2238E1961E8C28A9007FEDA8 /* libjschelpers.a */ = {
			isa = PBXReferenceProxy;
			fileType = archive.ar;
			path = libjschelpers.a;
			remoteRef = 2238E1951E8C28A9007FEDA8 /* PBXContainerItemProxy */;
			sourceTree = BUILT_PRODUCTS_DIR;
		};
		2238E1981E8C28A9007FEDA8 /* libjschelpers.a */ = {
			isa = PBXReferenceProxy;
			fileType = archive.ar;
			path = libjschelpers.a;
			remoteRef = 2238E1971E8C28A9007FEDA8 /* PBXContainerItemProxy */;
			sourceTree = BUILT_PRODUCTS_DIR;
		};
/* End PBXReferenceProxy section */

/* Begin PBXResourcesBuildPhase section */
		DA4BE0BA1E36DBCD00DBA1ED /* Resources */ = {
			isa = PBXResourcesBuildPhase;
			buildActionMask = 2147483647;
			files = (
			);
			runOnlyForDeploymentPostprocessing = 0;
		};
		DA4BE0C31E36DBCD00DBA1ED /* Resources */ = {
			isa = PBXResourcesBuildPhase;
			buildActionMask = 2147483647;
			files = (
				309A03A31E8AE8F900501219 /* MiniApp.jsbundle in Resources */,
			);
			runOnlyForDeploymentPostprocessing = 0;
		};
/* End PBXResourcesBuildPhase section */

/* Begin PBXSourcesBuildPhase section */
		DA4BE0B71E36DBCD00DBA1ED /* Sources */ = {
			isa = PBXSourcesBuildPhase;
			buildActionMask = 2147483647;
			files = (
				DA4BE0F31E36DD6500DBA1ED /* ElectrodeRequestDispatcher.m in Sources */,
				30BA8F231E84972D00D3C440 /* ElectrodeBridgeTransaction.m in Sources */,
				30BA8F851E859CD400D3C440 /* ElectrodeEventDispatcherNew.m in Sources */,
				30BA8F1D1E84972D00D3C440 /* ElectrodeBridgeProtocols.m in Sources */,
				9678D33C1E721BC600719AD5 /* ElectrodeUtilities.swift in Sources */,
				30BA8F171E84972D00D3C440 /* ElectrodeBridgeEventNew.m in Sources */,
				9678D27C1E68CC2D00719AD5 /* EventListenerProcessor.swift in Sources */,
				30BA8F1F1E84972D00D3C440 /* ElectrodeBridgeRequestNew.m in Sources */,
				DA4BE0F51E36DD6500DBA1ED /* ElectrodeRequestRegistrar.m in Sources */,
				DA4BE0ED1E36DD6500DBA1ED /* ElectrodeBridgeRequest.m in Sources */,
				30BA8F271E84972D00D3C440 /* ElectrodeEventRegistrarNew.m in Sources */,
				DA4BE0E71E36DD6500DBA1ED /* ElectrodeBridge.m in Sources */,
				DA4BE0F11E36DD6500DBA1ED /* ElectrodeEventRegistrar.m in Sources */,
				DA4BE0EB1E36DD6500DBA1ED /* ElectrodeBridgeHolder.m in Sources */,
				96F9A1CF1E68AF0200752759 /* ElectrodeEventProcessor.swift in Sources */,
				DA665B761E7B19A700A9193A /* ElectrodeResponseBlock.m in Sources */,
				30BA8F211E84972D00D3C440 /* ElectrodeBridgeResponse.m in Sources */,
				DA4BE0E91E36DD6500DBA1ED /* ElectrodeBridgeEvent.m in Sources */,
				30BA8F291E84972D00D3C440 /* ElectrodeRequestRegistrarNew.m in Sources */,
				30BA8FA31E85A3A200D3C440 /* ElectrodeRequestDispatcherNew.m in Sources */,
				30BA8F251E84972D00D3C440 /* ElectrodeBridgeTransceiver.m in Sources */,
				30BA8F1B1E84972D00D3C440 /* ElectrodeBridgeMessage.m in Sources */,
				9678D33E1E7332F200719AD5 /* ElectrodeRequestProcessor.swift in Sources */,
				309A03C11E8B319E00501219 /* ElectrodeBridgeHolderNew.m in Sources */,
				30BA8F191E84972D00D3C440 /* ElectrodeBridgeFailureMessage.m in Sources */,
				DA4BE0EF1E36DD6500DBA1ED /* ElectrodeEventDispatcher.m in Sources */,
			);
			runOnlyForDeploymentPostprocessing = 0;
		};
		DA4BE0C11E36DBCD00DBA1ED /* Sources */ = {
			isa = PBXSourcesBuildPhase;
			buildActionMask = 2147483647;
			files = (
				DA4BE0CB1E36DBCD00DBA1ED /* ElectrodeReactNativeBridgeTests.m in Sources */,
				3029B1DC1E89CF240041C665 /* ElectrodeBridgeTransceiverTests.m in Sources */,
				3029B1FE1E89D72E0041C665 /* ElectrodeBridgeBaseTests.m in Sources */,
			);
			runOnlyForDeploymentPostprocessing = 0;
		};
/* End PBXSourcesBuildPhase section */

/* Begin PBXTargetDependency section */
		2238E19D1E8C2983007FEDA8 /* PBXTargetDependency */ = {
			isa = PBXTargetDependency;
			name = React;
			targetProxy = 2238E19C1E8C2983007FEDA8 /* PBXContainerItemProxy */;
		};
		DA4BE0C81E36DBCD00DBA1ED /* PBXTargetDependency */ = {
			isa = PBXTargetDependency;
			target = DA4BE0BB1E36DBCD00DBA1ED /* ElectrodeReactNativeBridge */;
			targetProxy = DA4BE0C71E36DBCD00DBA1ED /* PBXContainerItemProxy */;
		};
/* End PBXTargetDependency section */

/* Begin XCBuildConfiguration section */
		DA4BE0CE1E36DBCD00DBA1ED /* Debug */ = {
			isa = XCBuildConfiguration;
			buildSettings = {
				ALWAYS_SEARCH_USER_PATHS = NO;
				CLANG_ANALYZER_NONNULL = YES;
				CLANG_CXX_LANGUAGE_STANDARD = "gnu++0x";
				CLANG_CXX_LIBRARY = "libc++";
				CLANG_ENABLE_MODULES = YES;
				CLANG_ENABLE_OBJC_ARC = YES;
				CLANG_WARN_BOOL_CONVERSION = YES;
				CLANG_WARN_CONSTANT_CONVERSION = YES;
				CLANG_WARN_DIRECT_OBJC_ISA_USAGE = YES_ERROR;
				CLANG_WARN_DOCUMENTATION_COMMENTS = YES;
				CLANG_WARN_EMPTY_BODY = YES;
				CLANG_WARN_ENUM_CONVERSION = YES;
				CLANG_WARN_INFINITE_RECURSION = YES;
				CLANG_WARN_INT_CONVERSION = YES;
				CLANG_WARN_OBJC_ROOT_CLASS = YES_ERROR;
				CLANG_WARN_SUSPICIOUS_MOVE = YES;
				CLANG_WARN_UNREACHABLE_CODE = YES;
				CLANG_WARN__DUPLICATE_METHOD_MATCH = YES;
				"CODE_SIGN_IDENTITY[sdk=iphoneos*]" = "iPhone Developer";
				COPY_PHASE_STRIP = NO;
				CURRENT_PROJECT_VERSION = 1;
				DEBUG_INFORMATION_FORMAT = dwarf;
				ENABLE_STRICT_OBJC_MSGSEND = YES;
				ENABLE_TESTABILITY = YES;
				GCC_C_LANGUAGE_STANDARD = gnu99;
				GCC_DYNAMIC_NO_PIC = NO;
				GCC_NO_COMMON_BLOCKS = YES;
				GCC_OPTIMIZATION_LEVEL = 0;
				GCC_PREPROCESSOR_DEFINITIONS = (
					"DEBUG=1",
					"$(inherited)",
				);
				GCC_WARN_64_TO_32_BIT_CONVERSION = YES;
				GCC_WARN_ABOUT_RETURN_TYPE = YES_ERROR;
				GCC_WARN_UNDECLARED_SELECTOR = YES;
				GCC_WARN_UNINITIALIZED_AUTOS = YES_AGGRESSIVE;
				GCC_WARN_UNUSED_FUNCTION = YES;
				GCC_WARN_UNUSED_VARIABLE = YES;
				IPHONEOS_DEPLOYMENT_TARGET = 10.2;
				MTL_ENABLE_DEBUG_INFO = YES;
				ONLY_ACTIVE_ARCH = YES;
				SDKROOT = iphoneos;
				TARGETED_DEVICE_FAMILY = "1,2";
				VERSIONING_SYSTEM = "apple-generic";
				VERSION_INFO_PREFIX = "";
			};
			name = Debug;
		};
		DA4BE0CF1E36DBCD00DBA1ED /* Release */ = {
			isa = XCBuildConfiguration;
			buildSettings = {
				ALWAYS_SEARCH_USER_PATHS = NO;
				CLANG_ANALYZER_NONNULL = YES;
				CLANG_CXX_LANGUAGE_STANDARD = "gnu++0x";
				CLANG_CXX_LIBRARY = "libc++";
				CLANG_ENABLE_MODULES = YES;
				CLANG_ENABLE_OBJC_ARC = YES;
				CLANG_WARN_BOOL_CONVERSION = YES;
				CLANG_WARN_CONSTANT_CONVERSION = YES;
				CLANG_WARN_DIRECT_OBJC_ISA_USAGE = YES_ERROR;
				CLANG_WARN_DOCUMENTATION_COMMENTS = YES;
				CLANG_WARN_EMPTY_BODY = YES;
				CLANG_WARN_ENUM_CONVERSION = YES;
				CLANG_WARN_INFINITE_RECURSION = YES;
				CLANG_WARN_INT_CONVERSION = YES;
				CLANG_WARN_OBJC_ROOT_CLASS = YES_ERROR;
				CLANG_WARN_SUSPICIOUS_MOVE = YES;
				CLANG_WARN_UNREACHABLE_CODE = YES;
				CLANG_WARN__DUPLICATE_METHOD_MATCH = YES;
				"CODE_SIGN_IDENTITY[sdk=iphoneos*]" = "iPhone Developer";
				COPY_PHASE_STRIP = NO;
				CURRENT_PROJECT_VERSION = 1;
				DEBUG_INFORMATION_FORMAT = "dwarf-with-dsym";
				ENABLE_NS_ASSERTIONS = NO;
				ENABLE_STRICT_OBJC_MSGSEND = YES;
				GCC_C_LANGUAGE_STANDARD = gnu99;
				GCC_NO_COMMON_BLOCKS = YES;
				GCC_WARN_64_TO_32_BIT_CONVERSION = YES;
				GCC_WARN_ABOUT_RETURN_TYPE = YES_ERROR;
				GCC_WARN_UNDECLARED_SELECTOR = YES;
				GCC_WARN_UNINITIALIZED_AUTOS = YES_AGGRESSIVE;
				GCC_WARN_UNUSED_FUNCTION = YES;
				GCC_WARN_UNUSED_VARIABLE = YES;
				IPHONEOS_DEPLOYMENT_TARGET = 10.2;
				MTL_ENABLE_DEBUG_INFO = NO;
				SDKROOT = iphoneos;
				TARGETED_DEVICE_FAMILY = "1,2";
				VALIDATE_PRODUCT = YES;
				VERSIONING_SYSTEM = "apple-generic";
				VERSION_INFO_PREFIX = "";
			};
			name = Release;
		};
		DA4BE0D11E36DBCD00DBA1ED /* Debug */ = {
			isa = XCBuildConfiguration;
			buildSettings = {
				CLANG_ALLOW_NON_MODULAR_INCLUDES_IN_FRAMEWORK_MODULES = YES;
				CLANG_ENABLE_MODULES = YES;
				CODE_SIGN_IDENTITY = "";
				DEFINES_MODULE = YES;
				DEVELOPMENT_TEAM = "";
				DYLIB_COMPATIBILITY_VERSION = 1;
				DYLIB_CURRENT_VERSION = 1;
				DYLIB_INSTALL_NAME_BASE = "@rpath";
				HEADER_SEARCH_PATHS = (
					"$(SRCROOT)/../ReactNative/**",
					"$(inherited)",
					/Applications/Xcode.app/Contents/Developer/Toolchains/XcodeDefault.xctoolchain/usr/include,
				);
				INFOPLIST_FILE = ElectrodeReactNativeBridge/Info.plist;
				INSTALL_PATH = "$(LOCAL_LIBRARY_DIR)/Frameworks";
				LD_RUNPATH_SEARCH_PATHS = "$(inherited) @executable_path/Frameworks @loader_path/Frameworks";
				OTHER_LDFLAGS = (
					"-ObjC",
					"-lc++",
					"$(inherited)",
				);
				PRODUCT_BUNDLE_IDENTIFIER = com.walmart.platform.ElectrodeReactNativeBridge;
				PRODUCT_NAME = "$(TARGET_NAME)";
				SKIP_INSTALL = YES;
				SWIFT_OPTIMIZATION_LEVEL = "-Onone";
				SWIFT_VERSION = 3.0;
			};
			name = Debug;
		};
		DA4BE0D21E36DBCD00DBA1ED /* Release */ = {
			isa = XCBuildConfiguration;
			buildSettings = {
				CLANG_ALLOW_NON_MODULAR_INCLUDES_IN_FRAMEWORK_MODULES = YES;
				CLANG_ENABLE_MODULES = YES;
				CODE_SIGN_IDENTITY = "";
				DEFINES_MODULE = YES;
				DEVELOPMENT_TEAM = "";
				DYLIB_COMPATIBILITY_VERSION = 1;
				DYLIB_CURRENT_VERSION = 1;
				DYLIB_INSTALL_NAME_BASE = "@rpath";
				HEADER_SEARCH_PATHS = (
					"$(SRCROOT)/../ReactNative/**",
					"$(inherited)",
					/Applications/Xcode.app/Contents/Developer/Toolchains/XcodeDefault.xctoolchain/usr/include,
				);
				INFOPLIST_FILE = ElectrodeReactNativeBridge/Info.plist;
				INSTALL_PATH = "$(LOCAL_LIBRARY_DIR)/Frameworks";
				LD_RUNPATH_SEARCH_PATHS = "$(inherited) @executable_path/Frameworks @loader_path/Frameworks";
				OTHER_LDFLAGS = (
					"-ObjC",
					"-lc++",
					"$(inherited)",
				);
				PRODUCT_BUNDLE_IDENTIFIER = com.walmart.platform.ElectrodeReactNativeBridge;
				PRODUCT_NAME = "$(TARGET_NAME)";
				SKIP_INSTALL = YES;
				SWIFT_VERSION = 3.0;
			};
			name = Release;
		};
		DA4BE0D41E36DBCD00DBA1ED /* Debug */ = {
			isa = XCBuildConfiguration;
			buildSettings = {
				ALWAYS_EMBED_SWIFT_STANDARD_LIBRARIES = YES;
				DEVELOPMENT_TEAM = DXZ5VF8836;
				INFOPLIST_FILE = ElectrodeReactNativeBridgeTests/Info.plist;
				LD_RUNPATH_SEARCH_PATHS = "$(inherited) @executable_path/Frameworks @loader_path/Frameworks";
				PRODUCT_BUNDLE_IDENTIFIER = com.walmart.platform.ElectrodeReactNativeBridgeTests;
				PRODUCT_NAME = "$(TARGET_NAME)";
			};
			name = Debug;
		};
		DA4BE0D51E36DBCD00DBA1ED /* Release */ = {
			isa = XCBuildConfiguration;
			buildSettings = {
				ALWAYS_EMBED_SWIFT_STANDARD_LIBRARIES = YES;
				DEVELOPMENT_TEAM = DXZ5VF8836;
				INFOPLIST_FILE = ElectrodeReactNativeBridgeTests/Info.plist;
				LD_RUNPATH_SEARCH_PATHS = "$(inherited) @executable_path/Frameworks @loader_path/Frameworks";
				PRODUCT_BUNDLE_IDENTIFIER = com.walmart.platform.ElectrodeReactNativeBridgeTests;
				PRODUCT_NAME = "$(TARGET_NAME)";
			};
			name = Release;
		};
/* End XCBuildConfiguration section */

/* Begin XCConfigurationList section */
		DA4BE0B61E36DBCD00DBA1ED /* Build configuration list for PBXProject "ElectrodeReactNativeBridge" */ = {
			isa = XCConfigurationList;
			buildConfigurations = (
				DA4BE0CE1E36DBCD00DBA1ED /* Debug */,
				DA4BE0CF1E36DBCD00DBA1ED /* Release */,
			);
			defaultConfigurationIsVisible = 0;
			defaultConfigurationName = Release;
		};
		DA4BE0D01E36DBCD00DBA1ED /* Build configuration list for PBXNativeTarget "ElectrodeReactNativeBridge" */ = {
			isa = XCConfigurationList;
			buildConfigurations = (
				DA4BE0D11E36DBCD00DBA1ED /* Debug */,
				DA4BE0D21E36DBCD00DBA1ED /* Release */,
			);
			defaultConfigurationIsVisible = 0;
			defaultConfigurationName = Release;
		};
		DA4BE0D31E36DBCD00DBA1ED /* Build configuration list for PBXNativeTarget "ElectrodeReactNativeBridgeTests" */ = {
			isa = XCConfigurationList;
			buildConfigurations = (
				DA4BE0D41E36DBCD00DBA1ED /* Debug */,
				DA4BE0D51E36DBCD00DBA1ED /* Release */,
			);
			defaultConfigurationIsVisible = 0;
			defaultConfigurationName = Release;
		};
/* End XCConfigurationList section */
	};
	rootObject = DA4BE0B31E36DBCD00DBA1ED /* Project object */;
}
